
Microsoft Visual Studio Solution File, Format Version 12.00
# Visual Studio 15
VisualStudioVersion = 15.0.27004.2006
MinimumVisualStudioVersion = 10.0.40219.1
Project("{FAE04EC0-301F-11D3-BF4B-00C04F79EFBC}") = "TrippleWebPortal", "TrippleWebPortal\TrippleWebPortal.csproj", "{4D1B5EBC-BD84-46FB-A520-132305258CD8}"
EndProject
Global
	GlobalSection(SolutionConfigurationPlatforms) = preSolution
		Debug|Any CPU = Debug|Any CPU
		Release|Any CPU = Release|Any CPU
	EndGlobalSection
	GlobalSection(ProjectConfigurationPlatforms) = postSolution
		{4D1B5EBC-BD84-46FB-A520-132305258CD8}.Debug|Any CPU.ActiveCfg = Debug|Any CPU
		{4D1B5EBC-BD84-46FB-A520-132305258CD8}.Debug|Any CPU.Build.0 = Debug|Any CPU
		{4D1B5EBC-BD84-46FB-A520-132305258CD8}.Release|Any CPU.ActiveCfg = Release|Any CPU
		{4D1B5EBC-BD84-46FB-A520-132305258CD8}.Release|Any CPU.Build.0 = Release|Any CPU
	EndGlobalSection
	GlobalSection(SolutionProperties) = preSolution
		HideSolutionNode = FALSE
	EndGlobalSection
	GlobalSection(ExtensibilityGlobals) = postSolution
		SolutionGuid = {84BC2476-1C2F-47C0-9611-AFE020718C92}
	EndGlobalSection
EndGlobal
